
Microsoft Visual Studio Solution File, Format Version 12.00
# Visual Studio Version 17
VisualStudioVersion = 17.1.32421.90
MinimumVisualStudioVersion = 10.0.40219.1
Project("{FAE04EC0-301F-11D3-BF4B-00C04F79EFBC}") = "File_IO", "File_IO.csproj", "{019C1F6F-1886-4AC6-BAAD-A3498AAE4F96}"
EndProject
Global
	GlobalSection(SolutionConfigurationPlatforms) = preSolution
		Debug|Any CPU = Debug|Any CPU
		Release|Any CPU = Release|Any CPU
	EndGlobalSection
	GlobalSection(ProjectConfigurationPlatforms) = postSolution
		{019C1F6F-1886-4AC6-BAAD-A3498AAE4F96}.Debug|Any CPU.ActiveCfg = Debug|Any CPU
		{019C1F6F-1886-4AC6-BAAD-A3498AAE4F96}.Debug|Any CPU.Build.0 = Debug|Any CPU
		{019C1F6F-1886-4AC6-BAAD-A3498AAE4F96}.Release|Any CPU.ActiveCfg = Release|Any CPU
		{019C1F6F-1886-4AC6-BAAD-A3498AAE4F96}.Release|Any CPU.Build.0 = Release|Any CPU
	EndGlobalSection
	GlobalSection(SolutionProperties) = preSolution
		HideSolutionNode = FALSE
	EndGlobalSection
	GlobalSection(ExtensibilityGlobals) = postSolution
		SolutionGuid = {18A6239C-0ACD-44E0-9A45-FAF1185A4139}
	EndGlobalSection
EndGlobal
