
Microsoft Visual Studio Solution File, Format Version 12.00
# Visual Studio Version 17
VisualStudioVersion = 17.1.32421.90
MinimumVisualStudioVersion = 10.0.40219.1
Project("{FAE04EC0-301F-11D3-BF4B-00C04F79EFBC}") = "ExceptionHandling", "ExceptionHandling.csproj", "{3312E829-6A52-4C1C-B25B-70DB6BAB208B}"
EndProject
Global
	GlobalSection(SolutionConfigurationPlatforms) = preSolution
		Debug|Any CPU = Debug|Any CPU
		Release|Any CPU = Release|Any CPU
	EndGlobalSection
	GlobalSection(ProjectConfigurationPlatforms) = postSolution
		{3312E829-6A52-4C1C-B25B-70DB6BAB208B}.Debug|Any CPU.ActiveCfg = Debug|Any CPU
		{3312E829-6A52-4C1C-B25B-70DB6BAB208B}.Debug|Any CPU.Build.0 = Debug|Any CPU
		{3312E829-6A52-4C1C-B25B-70DB6BAB208B}.Release|Any CPU.ActiveCfg = Release|Any CPU
		{3312E829-6A52-4C1C-B25B-70DB6BAB208B}.Release|Any CPU.Build.0 = Release|Any CPU
	EndGlobalSection
	GlobalSection(SolutionProperties) = preSolution
		HideSolutionNode = FALSE
	EndGlobalSection
	GlobalSection(ExtensibilityGlobals) = postSolution
		SolutionGuid = {9E59A652-6928-4F85-8055-F9F7F2AED45D}
	EndGlobalSection
EndGlobal
