
Microsoft Visual Studio Solution File, Format Version 12.00
# Visual Studio Version 17
VisualStudioVersion = 17.1.32421.90
MinimumVisualStudioVersion = 10.0.40219.1
Project("{FAE04EC0-301F-11D3-BF4B-00C04F79EFBC}") = "SeriazableEx", "SeriazableEx.csproj", "{A2606756-D87F-4F55-91E9-4246EDD91F66}"
EndProject
Global
	GlobalSection(SolutionConfigurationPlatforms) = preSolution
		Debug|Any CPU = Debug|Any CPU
		Release|Any CPU = Release|Any CPU
	EndGlobalSection
	GlobalSection(ProjectConfigurationPlatforms) = postSolution
		{A2606756-D87F-4F55-91E9-4246EDD91F66}.Debug|Any CPU.ActiveCfg = Debug|Any CPU
		{A2606756-D87F-4F55-91E9-4246EDD91F66}.Debug|Any CPU.Build.0 = Debug|Any CPU
		{A2606756-D87F-4F55-91E9-4246EDD91F66}.Release|Any CPU.ActiveCfg = Release|Any CPU
		{A2606756-D87F-4F55-91E9-4246EDD91F66}.Release|Any CPU.Build.0 = Release|Any CPU
	EndGlobalSection
	GlobalSection(SolutionProperties) = preSolution
		HideSolutionNode = FALSE
	EndGlobalSection
	GlobalSection(ExtensibilityGlobals) = postSolution
		SolutionGuid = {7CD9C1C2-6FA0-4AEB-9916-6A9FD82F82B6}
	EndGlobalSection
EndGlobal
