
Microsoft Visual Studio Solution File, Format Version 12.00
# Visual Studio Version 17
VisualStudioVersion = 17.1.32421.90
MinimumVisualStudioVersion = 10.0.40219.1
Project("{FAE04EC0-301F-11D3-BF4B-00C04F79EFBC}") = "MyStack", "MyStack.csproj", "{D9C8F1E6-39D6-455B-BC1E-D5F9CA550061}"
EndProject
Global
	GlobalSection(SolutionConfigurationPlatforms) = preSolution
		Debug|Any CPU = Debug|Any CPU
		Release|Any CPU = Release|Any CPU
	EndGlobalSection
	GlobalSection(ProjectConfigurationPlatforms) = postSolution
		{D9C8F1E6-39D6-455B-BC1E-D5F9CA550061}.Debug|Any CPU.ActiveCfg = Debug|Any CPU
		{D9C8F1E6-39D6-455B-BC1E-D5F9CA550061}.Debug|Any CPU.Build.0 = Debug|Any CPU
		{D9C8F1E6-39D6-455B-BC1E-D5F9CA550061}.Release|Any CPU.ActiveCfg = Release|Any CPU
		{D9C8F1E6-39D6-455B-BC1E-D5F9CA550061}.Release|Any CPU.Build.0 = Release|Any CPU
	EndGlobalSection
	GlobalSection(SolutionProperties) = preSolution
		HideSolutionNode = FALSE
	EndGlobalSection
	GlobalSection(ExtensibilityGlobals) = postSolution
		SolutionGuid = {03BE36EF-A18C-4F8E-8924-A226F7473246}
	EndGlobalSection
EndGlobal
